
Microsoft Visual Studio Solution File, Format Version 12.00
Project("{FAE04EC0-301F-11D3-BF4B-00C04F79EFBC}") = "Up.Api", "Up.Api\Up.Api.csproj", "{0878B275-1E1D-4360-8663-040F61B7D387}"
EndProject
Project("{2150E333-8FDC-42A3-9474-1A3956D46DE8}") = "Solution Items", "Solution Items", "{2C0150BA-455C-44CC-AEC2-BC5C62C00B1C}"
	ProjectSection(SolutionItems) = preProject
		compose.yaml = compose.yaml
	EndProjectSection
EndProject
Project("{FAE04EC0-301F-11D3-BF4B-00C04F79EFBC}") = "Up.Client", "Up.Client\Up.Client.csproj", "{D37D58B1-5554-4B68-9069-A0C41C8F06B1}"
EndProject
Project("{FAE04EC0-301F-11D3-BF4B-00C04F79EFBC}") = "Up.DataAccess", "Up.DataAccess\Up.DataAccess.csproj", "{6B0D6C37-B3E6-41AF-9F3C-69E4FD9B6E4E}"
EndProject
Project("{FAE04EC0-301F-11D3-BF4B-00C04F79EFBC}") = "Up.Common", "Up.Common\Up.Common.csproj", "{CE8A577D-374D-4694-8A16-930C6D408A5F}"
EndProject
Project("{FAE04EC0-301F-11D3-BF4B-00C04F79EFBC}") = "Up.Core", "Up.Core\Up.Core.csproj", "{504D9E48-9C8C-4C9E-A225-0B45FDC44C21}"
EndProject
Global
	GlobalSection(SolutionConfigurationPlatforms) = preSolution
		Debug|Any CPU = Debug|Any CPU
		Release|Any CPU = Release|Any CPU
	EndGlobalSection
	GlobalSection(ProjectConfigurationPlatforms) = postSolution
		{0878B275-1E1D-4360-8663-040F61B7D387}.Debug|Any CPU.ActiveCfg = Debug|Any CPU
		{0878B275-1E1D-4360-8663-040F61B7D387}.Debug|Any CPU.Build.0 = Debug|Any CPU
		{0878B275-1E1D-4360-8663-040F61B7D387}.Release|Any CPU.ActiveCfg = Release|Any CPU
		{0878B275-1E1D-4360-8663-040F61B7D387}.Release|Any CPU.Build.0 = Release|Any CPU
		{D37D58B1-5554-4B68-9069-A0C41C8F06B1}.Debug|Any CPU.ActiveCfg = Debug|Any CPU
		{D37D58B1-5554-4B68-9069-A0C41C8F06B1}.Debug|Any CPU.Build.0 = Debug|Any CPU
		{D37D58B1-5554-4B68-9069-A0C41C8F06B1}.Release|Any CPU.ActiveCfg = Release|Any CPU
		{D37D58B1-5554-4B68-9069-A0C41C8F06B1}.Release|Any CPU.Build.0 = Release|Any CPU
		{6B0D6C37-B3E6-41AF-9F3C-69E4FD9B6E4E}.Debug|Any CPU.ActiveCfg = Debug|Any CPU
		{6B0D6C37-B3E6-41AF-9F3C-69E4FD9B6E4E}.Debug|Any CPU.Build.0 = Debug|Any CPU
		{6B0D6C37-B3E6-41AF-9F3C-69E4FD9B6E4E}.Release|Any CPU.ActiveCfg = Release|Any CPU
		{6B0D6C37-B3E6-41AF-9F3C-69E4FD9B6E4E}.Release|Any CPU.Build.0 = Release|Any CPU
		{CE8A577D-374D-4694-8A16-930C6D408A5F}.Debug|Any CPU.ActiveCfg = Debug|Any CPU
		{CE8A577D-374D-4694-8A16-930C6D408A5F}.Debug|Any CPU.Build.0 = Debug|Any CPU
		{CE8A577D-374D-4694-8A16-930C6D408A5F}.Release|Any CPU.ActiveCfg = Release|Any CPU
		{CE8A577D-374D-4694-8A16-930C6D408A5F}.Release|Any CPU.Build.0 = Release|Any CPU
		{504D9E48-9C8C-4C9E-A225-0B45FDC44C21}.Debug|Any CPU.ActiveCfg = Debug|Any CPU
		{504D9E48-9C8C-4C9E-A225-0B45FDC44C21}.Debug|Any CPU.Build.0 = Debug|Any CPU
		{504D9E48-9C8C-4C9E-A225-0B45FDC44C21}.Release|Any CPU.ActiveCfg = Release|Any CPU
		{504D9E48-9C8C-4C9E-A225-0B45FDC44C21}.Release|Any CPU.Build.0 = Release|Any CPU
	EndGlobalSection
EndGlobal
